
Microsoft Visual Studio Solution File, Format Version 12.00
# Visual Studio Version 17
VisualStudioVersion = 17.8.34330.188
MinimumVisualStudioVersion = 10.0.40219.1
Project("{FAE04EC0-301F-11D3-BF4B-00C04F79EFBC}") = "Supermarket", "Supermarket\Supermarket.csproj", "{7E96FA1B-76E8-485F-9B82-CCB07DBEADD8}"
EndProject
Global
	GlobalSection(SolutionConfigurationPlatforms) = preSolution
		Debug|Any CPU = Debug|Any CPU
		Release|Any CPU = Release|Any CPU
	EndGlobalSection
	GlobalSection(ProjectConfigurationPlatforms) = postSolution
		{7E96FA1B-76E8-485F-9B82-CCB07DBEADD8}.Debug|Any CPU.ActiveCfg = Debug|Any CPU
		{7E96FA1B-76E8-485F-9B82-CCB07DBEADD8}.Debug|Any CPU.Build.0 = Debug|Any CPU
		{7E96FA1B-76E8-485F-9B82-CCB07DBEADD8}.Release|Any CPU.ActiveCfg = Release|Any CPU
		{7E96FA1B-76E8-485F-9B82-CCB07DBEADD8}.Release|Any CPU.Build.0 = Release|Any CPU
	EndGlobalSection
	GlobalSection(SolutionProperties) = preSolution
		HideSolutionNode = FALSE
	EndGlobalSection
	GlobalSection(ExtensibilityGlobals) = postSolution
		SolutionGuid = {834CDD2A-A856-4789-AFAB-9FC1266AA297}
	EndGlobalSection
EndGlobal
